
Microsoft Visual Studio Solution File, Format Version 12.00
# Visual Studio Version 17
VisualStudioVersion = 17.10.34928.147
MinimumVisualStudioVersion = 10.0.40219.1
Project("{FAE04EC0-301F-11D3-BF4B-00C04F79EFBC}") = "Enunciado1", "Enunciado1\Enunciado1.csproj", "{952591D6-3505-42E5-B8EA-CFA0CA47A414}"
EndProject
Global
	GlobalSection(SolutionConfigurationPlatforms) = preSolution
		Debug|Any CPU = Debug|Any CPU
		Release|Any CPU = Release|Any CPU
	EndGlobalSection
	GlobalSection(ProjectConfigurationPlatforms) = postSolution
		{952591D6-3505-42E5-B8EA-CFA0CA47A414}.Debug|Any CPU.ActiveCfg = Debug|Any CPU
		{952591D6-3505-42E5-B8EA-CFA0CA47A414}.Debug|Any CPU.Build.0 = Debug|Any CPU
		{952591D6-3505-42E5-B8EA-CFA0CA47A414}.Release|Any CPU.ActiveCfg = Release|Any CPU
		{952591D6-3505-42E5-B8EA-CFA0CA47A414}.Release|Any CPU.Build.0 = Release|Any CPU
	EndGlobalSection
	GlobalSection(SolutionProperties) = preSolution
		HideSolutionNode = FALSE
	EndGlobalSection
	GlobalSection(ExtensibilityGlobals) = postSolution
		SolutionGuid = {A9C6B35B-253C-4C0B-8B13-2A56A06AD50F}
	EndGlobalSection
EndGlobal
